Microsoft Visual Studio Solution File, Format Version 12.00
# Visual Studio 2012
Project("{FAE04EC0-301F-11D3-BF4B-00C04F79EFBC}") = "Survivors Clone", "Survivors Clone.csproj", "{D9B65EC6-D9F2-465D-BBE7-68C138C7140C}"
EndProject
Global
	GlobalSection(SolutionConfigurationPlatforms) = preSolution
	Debug|Any CPU = Debug|Any CPU
	ExportDebug|Any CPU = ExportDebug|Any CPU
	ExportRelease|Any CPU = ExportRelease|Any CPU
	EndGlobalSection
	GlobalSection(ProjectConfigurationPlatforms) = postSolution
		{D9B65EC6-D9F2-465D-BBE7-68C138C7140C}.Debug|Any CPU.ActiveCfg = Debug|Any CPU
		{D9B65EC6-D9F2-465D-BBE7-68C138C7140C}.Debug|Any CPU.Build.0 = Debug|Any CPU
		{D9B65EC6-D9F2-465D-BBE7-68C138C7140C}.ExportDebug|Any CPU.ActiveCfg = ExportDebug|Any CPU
		{D9B65EC6-D9F2-465D-BBE7-68C138C7140C}.ExportDebug|Any CPU.Build.0 = ExportDebug|Any CPU
		{D9B65EC6-D9F2-465D-BBE7-68C138C7140C}.ExportRelease|Any CPU.ActiveCfg = ExportRelease|Any CPU
		{D9B65EC6-D9F2-465D-BBE7-68C138C7140C}.ExportRelease|Any CPU.Build.0 = ExportRelease|Any CPU
	EndGlobalSection
EndGlobal
